
Microsoft Visual Studio Solution File, Format Version 12.00
# Visual Studio Version 16
VisualStudioVersion = 16.0.30413.136
MinimumVisualStudioVersion = 10.0.40219.1
Project("{FAE04EC0-301F-11D3-BF4B-00C04F79EFBC}") = "Kordamine", "Kordamine\Kordamine.csproj", "{137B2829-121F-44EB-93EA-06D0C11D897A}"
EndProject
Global
	GlobalSection(SolutionConfigurationPlatforms) = preSolution
		Debug|Any CPU = Debug|Any CPU
		Release|Any CPU = Release|Any CPU
	EndGlobalSection
	GlobalSection(ProjectConfigurationPlatforms) = postSolution
		{137B2829-121F-44EB-93EA-06D0C11D897A}.Debug|Any CPU.ActiveCfg = Debug|Any CPU
		{137B2829-121F-44EB-93EA-06D0C11D897A}.Debug|Any CPU.Build.0 = Debug|Any CPU
		{137B2829-121F-44EB-93EA-06D0C11D897A}.Release|Any CPU.ActiveCfg = Release|Any CPU
		{137B2829-121F-44EB-93EA-06D0C11D897A}.Release|Any CPU.Build.0 = Release|Any CPU
	EndGlobalSection
	GlobalSection(SolutionProperties) = preSolution
		HideSolutionNode = FALSE
	EndGlobalSection
	GlobalSection(ExtensibilityGlobals) = postSolution
		SolutionGuid = {49176430-0A22-41D3-BDE7-43154FF70812}
	EndGlobalSection
EndGlobal
